
Microsoft Visual Studio Solution File, Format Version 12.00
# Visual Studio Version 16
VisualStudioVersion = 16.0.29926.136
MinimumVisualStudioVersion = 10.0.40219.1
Project("{FAE04EC0-301F-11D3-BF4B-00C04F79EFBC}") = "LearnRepositoryPattern", "LearnRepositoryPattern\LearnRepositoryPattern.csproj", "{E1C6CE93-C99F-4DB0-9608-CDF3CF3CC1B0}"
EndProject
Project("{FAE04EC0-301F-11D3-BF4B-00C04F79EFBC}") = "DAL", "DAL\DAL.csproj", "{45CA00F2-68B7-4538-A4E9-ED69974B9929}"
EndProject
Project("{FAE04EC0-301F-11D3-BF4B-00C04F79EFBC}") = "BLL", "BLL\BLL.csproj", "{0372833F-281E-4956-9802-C9559998DEF7}"
EndProject
Global
	GlobalSection(SolutionConfigurationPlatforms) = preSolution
		Debug|Any CPU = Debug|Any CPU
		Release|Any CPU = Release|Any CPU
	EndGlobalSection
	GlobalSection(ProjectConfigurationPlatforms) = postSolution
		{E1C6CE93-C99F-4DB0-9608-CDF3CF3CC1B0}.Debug|Any CPU.ActiveCfg = Debug|Any CPU
		{E1C6CE93-C99F-4DB0-9608-CDF3CF3CC1B0}.Debug|Any CPU.Build.0 = Debug|Any CPU
		{E1C6CE93-C99F-4DB0-9608-CDF3CF3CC1B0}.Release|Any CPU.ActiveCfg = Release|Any CPU
		{E1C6CE93-C99F-4DB0-9608-CDF3CF3CC1B0}.Release|Any CPU.Build.0 = Release|Any CPU
		{45CA00F2-68B7-4538-A4E9-ED69974B9929}.Debug|Any CPU.ActiveCfg = Debug|Any CPU
		{45CA00F2-68B7-4538-A4E9-ED69974B9929}.Debug|Any CPU.Build.0 = Debug|Any CPU
		{45CA00F2-68B7-4538-A4E9-ED69974B9929}.Release|Any CPU.ActiveCfg = Release|Any CPU
		{45CA00F2-68B7-4538-A4E9-ED69974B9929}.Release|Any CPU.Build.0 = Release|Any CPU
		{0372833F-281E-4956-9802-C9559998DEF7}.Debug|Any CPU.ActiveCfg = Debug|Any CPU
		{0372833F-281E-4956-9802-C9559998DEF7}.Debug|Any CPU.Build.0 = Debug|Any CPU
		{0372833F-281E-4956-9802-C9559998DEF7}.Release|Any CPU.ActiveCfg = Release|Any CPU
		{0372833F-281E-4956-9802-C9559998DEF7}.Release|Any CPU.Build.0 = Release|Any CPU
	EndGlobalSection
	GlobalSection(SolutionProperties) = preSolution
		HideSolutionNode = FALSE
	EndGlobalSection
	GlobalSection(ExtensibilityGlobals) = postSolution
		SolutionGuid = {238645C9-BA66-49E2-B5D7-15FC5D7FA9E6}
	EndGlobalSection
EndGlobal
